
Microsoft Visual Studio Solution File, Format Version 12.00
# Visual Studio 14
VisualStudioVersion = 14.0.24720.0
MinimumVisualStudioVersion = 10.0.40219.1
Project("{2150E333-8FDC-42A3-9474-1A3956D46DE8}") = "Engine", "Engine", "{C194504B-19F9-4E6C-9214-06FCA870EF59}"
EndProject
Project("{2150E333-8FDC-42A3-9474-1A3956D46DE8}") = "Games", "Games", "{08117049-A7C9-4DB8-9021-C7621EB28FC1}"
EndProject
Project("{8BC9CEB8-8B4A-11D0-8D11-00A0C91BC942}") = "UE4", "Intermediate\ProjectFiles\UE4.vcxproj", "{B58D9056-9DB0-4451-9F5F-D5590417FBEC}"
EndProject
Project("{8BC9CEB8-8B4A-11D0-8D11-00A0C91BC942}") = "unrealcourse1", "Intermediate\ProjectFiles\unrealcourse1.vcxproj", "{2D9ABF31-F89A-409C-9CCC-241FF88FE131}"
EndProject
Global
	GlobalSection(SolutionConfigurationPlatforms) = preSolution
		DebugGame Editor|Win32 = DebugGame Editor|Win32
		DebugGame Editor|Win64 = DebugGame Editor|Win64
		DebugGame|Win32 = DebugGame|Win32
		DebugGame|Win64 = DebugGame|Win64
		Development Editor|Win32 = Development Editor|Win32
		Development Editor|Win64 = Development Editor|Win64
		Development|Win32 = Development|Win32
		Development|Win64 = Development|Win64
		Shipping|Win32 = Shipping|Win32
		Shipping|Win64 = Shipping|Win64
	EndGlobalSection
	GlobalSection(ProjectConfigurationPlatforms) = postSolution
		{B58D9056-9DB0-4451-9F5F-D5590417FBEC}.DebugGame Editor|Win32.ActiveCfg = BuiltWithUnrealBuildTool|Win32
		{B58D9056-9DB0-4451-9F5F-D5590417FBEC}.DebugGame Editor|Win32.Build.0 = BuiltWithUnrealBuildTool|Win32
		{B58D9056-9DB0-4451-9F5F-D5590417FBEC}.DebugGame Editor|Win64.ActiveCfg = BuiltWithUnrealBuildTool|Win32
		{B58D9056-9DB0-4451-9F5F-D5590417FBEC}.DebugGame Editor|Win64.Build.0 = BuiltWithUnrealBuildTool|Win32
		{B58D9056-9DB0-4451-9F5F-D5590417FBEC}.DebugGame|Win32.ActiveCfg = BuiltWithUnrealBuildTool|Win32
		{B58D9056-9DB0-4451-9F5F-D5590417FBEC}.DebugGame|Win32.Build.0 = BuiltWithUnrealBuildTool|Win32
		{B58D9056-9DB0-4451-9F5F-D5590417FBEC}.DebugGame|Win64.ActiveCfg = BuiltWithUnrealBuildTool|Win32
		{B58D9056-9DB0-4451-9F5F-D5590417FBEC}.DebugGame|Win64.Build.0 = BuiltWithUnrealBuildTool|Win32
		{B58D9056-9DB0-4451-9F5F-D5590417FBEC}.Development Editor|Win32.ActiveCfg = BuiltWithUnrealBuildTool|Win32
		{B58D9056-9DB0-4451-9F5F-D5590417FBEC}.Development Editor|Win32.Build.0 = BuiltWithUnrealBuildTool|Win32
		{B58D9056-9DB0-4451-9F5F-D5590417FBEC}.Development Editor|Win64.ActiveCfg = BuiltWithUnrealBuildTool|Win32
		{B58D9056-9DB0-4451-9F5F-D5590417FBEC}.Development Editor|Win64.Build.0 = BuiltWithUnrealBuildTool|Win32
		{B58D9056-9DB0-4451-9F5F-D5590417FBEC}.Development|Win32.ActiveCfg = BuiltWithUnrealBuildTool|Win32
		{B58D9056-9DB0-4451-9F5F-D5590417FBEC}.Development|Win32.Build.0 = BuiltWithUnrealBuildTool|Win32
		{B58D9056-9DB0-4451-9F5F-D5590417FBEC}.Development|Win64.ActiveCfg = BuiltWithUnrealBuildTool|Win32
		{B58D9056-9DB0-4451-9F5F-D5590417FBEC}.Development|Win64.Build.0 = BuiltWithUnrealBuildTool|Win32
		{B58D9056-9DB0-4451-9F5F-D5590417FBEC}.Shipping|Win32.ActiveCfg = BuiltWithUnrealBuildTool|Win32
		{B58D9056-9DB0-4451-9F5F-D5590417FBEC}.Shipping|Win32.Build.0 = BuiltWithUnrealBuildTool|Win32
		{B58D9056-9DB0-4451-9F5F-D5590417FBEC}.Shipping|Win64.ActiveCfg = BuiltWithUnrealBuildTool|Win32
		{B58D9056-9DB0-4451-9F5F-D5590417FBEC}.Shipping|Win64.Build.0 = BuiltWithUnrealBuildTool|Win32
		{2D9ABF31-F89A-409C-9CCC-241FF88FE131}.DebugGame Editor|Win32.ActiveCfg = DebugGame_Editor|Win32
		{2D9ABF31-F89A-409C-9CCC-241FF88FE131}.DebugGame Editor|Win32.Build.0 = DebugGame_Editor|Win32
		{2D9ABF31-F89A-409C-9CCC-241FF88FE131}.DebugGame Editor|Win64.ActiveCfg = DebugGame_Editor|x64
		{2D9ABF31-F89A-409C-9CCC-241FF88FE131}.DebugGame Editor|Win64.Build.0 = DebugGame_Editor|x64
		{2D9ABF31-F89A-409C-9CCC-241FF88FE131}.DebugGame|Win32.ActiveCfg = DebugGame_Game|Win32
		{2D9ABF31-F89A-409C-9CCC-241FF88FE131}.DebugGame|Win32.Build.0 = DebugGame_Game|Win32
		{2D9ABF31-F89A-409C-9CCC-241FF88FE131}.DebugGame|Win64.ActiveCfg = DebugGame_Game|x64
		{2D9ABF31-F89A-409C-9CCC-241FF88FE131}.DebugGame|Win64.Build.0 = DebugGame_Game|x64
		{2D9ABF31-F89A-409C-9CCC-241FF88FE131}.Development Editor|Win32.ActiveCfg = Development_Editor|Win32
		{2D9ABF31-F89A-409C-9CCC-241FF88FE131}.Development Editor|Win32.Build.0 = Development_Editor|Win32
		{2D9ABF31-F89A-409C-9CCC-241FF88FE131}.Development Editor|Win64.ActiveCfg = Development_Editor|x64
		{2D9ABF31-F89A-409C-9CCC-241FF88FE131}.Development Editor|Win64.Build.0 = Development_Editor|x64
		{2D9ABF31-F89A-409C-9CCC-241FF88FE131}.Development|Win32.ActiveCfg = Development_Game|Win32
		{2D9ABF31-F89A-409C-9CCC-241FF88FE131}.Development|Win32.Build.0 = Development_Game|Win32
		{2D9ABF31-F89A-409C-9CCC-241FF88FE131}.Development|Win64.ActiveCfg = Development_Game|x64
		{2D9ABF31-F89A-409C-9CCC-241FF88FE131}.Development|Win64.Build.0 = Development_Game|x64
		{2D9ABF31-F89A-409C-9CCC-241FF88FE131}.Shipping|Win32.ActiveCfg = Shipping_Game|Win32
		{2D9ABF31-F89A-409C-9CCC-241FF88FE131}.Shipping|Win32.Build.0 = Shipping_Game|Win32
		{2D9ABF31-F89A-409C-9CCC-241FF88FE131}.Shipping|Win64.ActiveCfg = Shipping_Game|x64
		{2D9ABF31-F89A-409C-9CCC-241FF88FE131}.Shipping|Win64.Build.0 = Shipping_Game|x64
	EndGlobalSection
	GlobalSection(SolutionProperties) = preSolution
		HideSolutionNode = FALSE
	EndGlobalSection
	GlobalSection(NestedProjects) = preSolution
		{B58D9056-9DB0-4451-9F5F-D5590417FBEC} = {C194504B-19F9-4E6C-9214-06FCA870EF59}
		{2D9ABF31-F89A-409C-9CCC-241FF88FE131} = {08117049-A7C9-4DB8-9021-C7621EB28FC1}
	EndGlobalSection
EndGlobal
